
Microsoft Visual Studio Solution File, Format Version 12.00
# Visual Studio Version 16
VisualStudioVersion = 16.0.29025.244
MinimumVisualStudioVersion = 10.0.40219.1
Project("{9A19103F-16F7-4668-BE54-9A1E7A4F7556}") = "ElkLogTester", "ElkLogTester\ElkLogTester.csproj", "{2B479B23-9CEF-4AA6-83C7-1688ED3287F3}"
EndProject
Project("{2150E333-8FDC-42A3-9474-1A3956D46DE8}") = "Solution Items", "Solution Items", "{854D1623-ADDF-4C82-A631-7AB7BA202DD3}"
	ProjectSection(SolutionItems) = preProject
		kubernetes-deployment.yml = kubernetes-deployment.yml
		NuGet.config = NuGet.config
		README.md = README.md
	EndProjectSection
EndProject
Global
	GlobalSection(SolutionConfigurationPlatforms) = preSolution
		Debug|Any CPU = Debug|Any CPU
		Release|Any CPU = Release|Any CPU
	EndGlobalSection
	GlobalSection(ProjectConfigurationPlatforms) = postSolution
		{2B479B23-9CEF-4AA6-83C7-1688ED3287F3}.Debug|Any CPU.ActiveCfg = Debug|Any CPU
		{2B479B23-9CEF-4AA6-83C7-1688ED3287F3}.Debug|Any CPU.Build.0 = Debug|Any CPU
		{2B479B23-9CEF-4AA6-83C7-1688ED3287F3}.Release|Any CPU.ActiveCfg = Release|Any CPU
		{2B479B23-9CEF-4AA6-83C7-1688ED3287F3}.Release|Any CPU.Build.0 = Release|Any CPU
	EndGlobalSection
	GlobalSection(SolutionProperties) = preSolution
		HideSolutionNode = FALSE
	EndGlobalSection
	GlobalSection(ExtensibilityGlobals) = postSolution
		SolutionGuid = {8096AE75-D575-4E5B-B249-B1DCC96D286D}
	EndGlobalSection
EndGlobal
